
Microsoft Visual Studio Solution File, Format Version 12.00
# Visual Studio Version 16
VisualStudioVersion = 16.0.32901.82
MinimumVisualStudioVersion = 10.0.40219.1
Project("{8BC9CEB8-8B4A-11D0-8D11-00A0C91BC942}") = "P1007 独木桥", "P1007 独木桥\P1007 独木桥.vcxproj", "{E4D29319-AD7F-4556-84CC-DEF2B6CEF393}"
EndProject
Global
	GlobalSection(SolutionConfigurationPlatforms) = preSolution
		Debug|x64 = Debug|x64
		Debug|x86 = Debug|x86
		Release|x64 = Release|x64
		Release|x86 = Release|x86
	EndGlobalSection
	GlobalSection(ProjectConfigurationPlatforms) = postSolution
		{E4D29319-AD7F-4556-84CC-DEF2B6CEF393}.Debug|x64.ActiveCfg = Debug|x64
		{E4D29319-AD7F-4556-84CC-DEF2B6CEF393}.Debug|x64.Build.0 = Debug|x64
		{E4D29319-AD7F-4556-84CC-DEF2B6CEF393}.Debug|x86.ActiveCfg = Debug|Win32
		{E4D29319-AD7F-4556-84CC-DEF2B6CEF393}.Debug|x86.Build.0 = Debug|Win32
		{E4D29319-AD7F-4556-84CC-DEF2B6CEF393}.Release|x64.ActiveCfg = Release|x64
		{E4D29319-AD7F-4556-84CC-DEF2B6CEF393}.Release|x64.Build.0 = Release|x64
		{E4D29319-AD7F-4556-84CC-DEF2B6CEF393}.Release|x86.ActiveCfg = Release|Win32
		{E4D29319-AD7F-4556-84CC-DEF2B6CEF393}.Release|x86.Build.0 = Release|Win32
	EndGlobalSection
	GlobalSection(SolutionProperties) = preSolution
		HideSolutionNode = FALSE
	EndGlobalSection
	GlobalSection(ExtensibilityGlobals) = postSolution
		SolutionGuid = {5705D6D5-9A00-448C-8814-D953C42F431F}
	EndGlobalSection
EndGlobal
