
Microsoft Visual Studio Solution File, Format Version 12.00
# Visual Studio Version 16
VisualStudioVersion = 16.0.32901.82
MinimumVisualStudioVersion = 10.0.40219.1
Project("{8BC9CEB8-8B4A-11D0-8D11-00A0C91BC942}") = "P1008 [NOIP1998 普及组] 三连击", "P1008 [NOIP1998 普及组] 三连击\P1008 [NOIP1998 普及组] 三连击.vcxproj", "{F089C995-92F7-47EC-89B4-4555D10E12B6}"
EndProject
Global
	GlobalSection(SolutionConfigurationPlatforms) = preSolution
		Debug|x64 = Debug|x64
		Debug|x86 = Debug|x86
		Release|x64 = Release|x64
		Release|x86 = Release|x86
	EndGlobalSection
	GlobalSection(ProjectConfigurationPlatforms) = postSolution
		{F089C995-92F7-47EC-89B4-4555D10E12B6}.Debug|x64.ActiveCfg = Debug|x64
		{F089C995-92F7-47EC-89B4-4555D10E12B6}.Debug|x64.Build.0 = Debug|x64
		{F089C995-92F7-47EC-89B4-4555D10E12B6}.Debug|x86.ActiveCfg = Debug|Win32
		{F089C995-92F7-47EC-89B4-4555D10E12B6}.Debug|x86.Build.0 = Debug|Win32
		{F089C995-92F7-47EC-89B4-4555D10E12B6}.Release|x64.ActiveCfg = Release|x64
		{F089C995-92F7-47EC-89B4-4555D10E12B6}.Release|x64.Build.0 = Release|x64
		{F089C995-92F7-47EC-89B4-4555D10E12B6}.Release|x86.ActiveCfg = Release|Win32
		{F089C995-92F7-47EC-89B4-4555D10E12B6}.Release|x86.Build.0 = Release|Win32
	EndGlobalSection
	GlobalSection(SolutionProperties) = preSolution
		HideSolutionNode = FALSE
	EndGlobalSection
	GlobalSection(ExtensibilityGlobals) = postSolution
		SolutionGuid = {89C0ACD3-4E53-4EBE-8F13-0C092949EC31}
	EndGlobalSection
EndGlobal
